{
    "name": "tljh_repo2docker-ui-tests",
    "version": "1.0.0",
    "lockfileVersion": 3,
    "requires": true,
    "packages": {
        "": {
            "name": "tljh_repo2docker-ui-tests",
            "version": "1.0.0",
            "license": "BSD-3-Clause",
            "dependencies": {
                "@playwright/test": "^1.31.0",
                "rimraf": "^4.1.2"
            }
        },
        "node_modules/@playwright/test": {
            "version": "1.42.1",
            "resolved": "https://registry.npmjs.org/@playwright/test/-/test-1.42.1.tgz",
            "integrity": "sha512-Gq9rmS54mjBL/7/MvBaNOBwbfnh7beHvS6oS4srqXFcQHpQCV1+c8JXWE8VLPyRDhgS3H8x8A7hztqI9VnwrAQ==",
            "dependencies": {
                "playwright": "1.42.1"
            },
            "bin": {
                "playwright": "cli.js"
            },
            "engines": {
                "node": ">=16"
            }
        },
        "node_modules/balanced-match": {
            "version": "1.0.2",
            "resolved": "https://registry.npmjs.org/balanced-match/-/balanced-match-1.0.2.tgz",
            "integrity": "sha512-3oSeUO0TMV67hN1AmbXsK4yaqU7tjiHlbxRDZOpH0KW9+CeX4bRAaX0Anxt0tx2MrpRpWwQaPwIlISEJhYU5Pw=="
        },
        "node_modules/brace-expansion": {
            "version": "2.0.2",
            "resolved": "https://registry.npmjs.org/brace-expansion/-/brace-expansion-2.0.2.tgz",
            "integrity": "sha512-Jt0vHyM+jmUBqojB7E1NIYadt0vI0Qxjxd2TErW94wDz+E2LAm5vKMXXwg6ZZBTHPuUlDgQHKXvjGBdfcF1ZDQ==",
            "license": "MIT",
            "dependencies": {
                "balanced-match": "^1.0.0"
            }
        },
        "node_modules/fs.realpath": {
            "version": "1.0.0",
            "resolved": "https://registry.npmjs.org/fs.realpath/-/fs.realpath-1.0.0.tgz",
            "integrity": "sha512-OO0pH2lK6a0hZnAdau5ItzHPI6pUlvI7jMVnxUQRtw4owF2wk8lOSabtGDCTP4Ggrg2MbGnWO9X8K1t4+fGMDw=="
        },
        "node_modules/fsevents": {
            "version": "2.3.2",
            "resolved": "https://registry.npmjs.org/fsevents/-/fsevents-2.3.2.tgz",
            "integrity": "sha512-xiqMQR4xAeHTuB9uWm+fFRcIOgKBMiOBP+eXiyT7jsgVCq1bkVygt00oASowB7EdtpOHaaPgKt812P9ab+DDKA==",
            "hasInstallScript": true,
            "optional": true,
            "os": [
                "darwin"
            ],
            "engines": {
                "node": "^8.16.0 || ^10.6.0 || >=11.0.0"
            }
        },
        "node_modules/glob": {
            "version": "9.3.5",
            "resolved": "https://registry.npmjs.org/glob/-/glob-9.3.5.tgz",
            "integrity": "sha512-e1LleDykUz2Iu+MTYdkSsuWX8lvAjAcs0Xef0lNIu0S2wOAzuTxCJtcd9S3cijlwYF18EsU3rzb8jPVobxDh9Q==",
            "dependencies": {
                "fs.realpath": "^1.0.0",
                "minimatch": "^8.0.2",
                "minipass": "^4.2.4",
                "path-scurry": "^1.6.1"
            },
            "engines": {
                "node": ">=16 || 14 >=14.17"
            },
            "funding": {
                "url": "https://github.com/sponsors/isaacs"
            }
        },
        "node_modules/lru-cache": {
            "version": "10.2.0",
            "resolved": "https://registry.npmjs.org/lru-cache/-/lru-cache-10.2.0.tgz",
            "integrity": "sha512-2bIM8x+VAf6JT4bKAljS1qUWgMsqZRPGJS6FSahIMPVvctcNhyVp7AJu7quxOW9jwkryBReKZY5tY5JYv2n/7Q==",
            "engines": {
                "node": "14 || >=16.14"
            }
        },
        "node_modules/minimatch": {
            "version": "8.0.4",
            "resolved": "https://registry.npmjs.org/minimatch/-/minimatch-8.0.4.tgz",
            "integrity": "sha512-W0Wvr9HyFXZRGIDgCicunpQ299OKXs9RgZfaukz4qAW/pJhcpUfupc9c+OObPOFueNy8VSrZgEmDtk6Kh4WzDA==",
            "dependencies": {
                "brace-expansion": "^2.0.1"
            },
            "engines": {
                "node": ">=16 || 14 >=14.17"
            },
            "funding": {
                "url": "https://github.com/sponsors/isaacs"
            }
        },
        "node_modules/minipass": {
            "version": "4.2.8",
            "resolved": "https://registry.npmjs.org/minipass/-/minipass-4.2.8.tgz",
            "integrity": "sha512-fNzuVyifolSLFL4NzpF+wEF4qrgqaaKX0haXPQEdQ7NKAN+WecoKMHV09YcuL/DHxrUsYQOK3MiuDf7Ip2OXfQ==",
            "engines": {
                "node": ">=8"
            }
        },
        "node_modules/path-scurry": {
            "version": "1.10.1",
            "resolved": "https://registry.npmjs.org/path-scurry/-/path-scurry-1.10.1.tgz",
            "integrity": "sha512-MkhCqzzBEpPvxxQ71Md0b1Kk51W01lrYvlMzSUaIzNsODdd7mqhiimSZlr+VegAz5Z6Vzt9Xg2ttE//XBhH3EQ==",
            "dependencies": {
                "lru-cache": "^9.1.1 || ^10.0.0",
                "minipass": "^5.0.0 || ^6.0.2 || ^7.0.0"
            },
            "engines": {
                "node": ">=16 || 14 >=14.17"
            },
            "funding": {
                "url": "https://github.com/sponsors/isaacs"
            }
        },
        "node_modules/path-scurry/node_modules/minipass": {
            "version": "7.0.4",
            "resolved": "https://registry.npmjs.org/minipass/-/minipass-7.0.4.tgz",
            "integrity": "sha512-jYofLM5Dam9279rdkWzqHozUo4ybjdZmCsDHePy5V/PbBcVMiSZR97gmAy45aqi8CK1lG2ECd356FU86avfwUQ==",
            "engines": {
                "node": ">=16 || 14 >=14.17"
            }
        },
        "node_modules/playwright": {
            "version": "1.42.1",
            "resolved": "https://registry.npmjs.org/playwright/-/playwright-1.42.1.tgz",
            "integrity": "sha512-PgwB03s2DZBcNRoW+1w9E+VkLBxweib6KTXM0M3tkiT4jVxKSi6PmVJ591J+0u10LUrgxB7dLRbiJqO5s2QPMg==",
            "dependencies": {
                "playwright-core": "1.42.1"
            },
            "bin": {
                "playwright": "cli.js"
            },
            "engines": {
                "node": ">=16"
            },
            "optionalDependencies": {
                "fsevents": "2.3.2"
            }
        },
        "node_modules/playwright-core": {
            "version": "1.42.1",
            "resolved": "https://registry.npmjs.org/playwright-core/-/playwright-core-1.42.1.tgz",
            "integrity": "sha512-mxz6zclokgrke9p1vtdy/COWBH+eOZgYUVVU34C73M+4j4HLlQJHtfcqiqqxpP0o8HhMkflvfbquLX5dg6wlfA==",
            "bin": {
                "playwright-core": "cli.js"
            },
            "engines": {
                "node": ">=16"
            }
        },
        "node_modules/rimraf": {
            "version": "4.4.1",
            "resolved": "https://registry.npmjs.org/rimraf/-/rimraf-4.4.1.tgz",
            "integrity": "sha512-Gk8NlF062+T9CqNGn6h4tls3k6T1+/nXdOcSZVikNVtlRdYpA7wRJJMoXmuvOnLW844rPjdQ7JgXCYM6PPC/og==",
            "dependencies": {
                "glob": "^9.2.0"
            },
            "bin": {
                "rimraf": "dist/cjs/src/bin.js"
            },
            "engines": {
                "node": ">=14"
            },
            "funding": {
                "url": "https://github.com/sponsors/isaacs"
            }
        }
    }
}
