{
    "name": "tljh_repo2docker-ui-tests",
    "version": "1.0.0",
    "lockfileVersion": 3,
    "requires": true,
    "packages": {
        "": {
            "name": "tljh_repo2docker-ui-tests",
            "version": "1.0.0",
            "license": "BSD-3-Clause",
            "dependencies": {
                "@playwright/test": "1.57.0",
                "rimraf": "^6.1.2"
            }
        },
        "node_modules/@isaacs/balanced-match": {
            "version": "4.0.1",
            "resolved": "https://registry.npmjs.org/@isaacs/balanced-match/-/balanced-match-4.0.1.tgz",
            "integrity": "sha512-yzMTt9lEb8Gv7zRioUilSglI0c0smZ9k5D65677DLWLtWJaXIS3CqcGyUFByYKlnUj6TkjLVs54fBl6+TiGQDQ==",
            "license": "MIT",
            "engines": {
                "node": "20 || >=22"
            }
        },
        "node_modules/@isaacs/brace-expansion": {
            "version": "5.0.0",
            "resolved": "https://registry.npmjs.org/@isaacs/brace-expansion/-/brace-expansion-5.0.0.tgz",
            "integrity": "sha512-ZT55BDLV0yv0RBm2czMiZ+SqCGO7AvmOM3G/w2xhVPH+te0aKgFjmBvGlL1dH+ql2tgGO3MVrbb3jCKyvpgnxA==",
            "license": "MIT",
            "dependencies": {
                "@isaacs/balanced-match": "^4.0.1"
            },
            "engines": {
                "node": "20 || >=22"
            }
        },
        "node_modules/@playwright/test": {
            "version": "1.57.0",
            "resolved": "https://registry.npmjs.org/@playwright/test/-/test-1.57.0.tgz",
            "integrity": "sha512-6TyEnHgd6SArQO8UO2OMTxshln3QMWBtPGrOCgs3wVEmQmwyuNtB10IZMfmYDE0riwNR1cu4q+pPcxMVtaG3TA==",
            "license": "Apache-2.0",
            "dependencies": {
                "playwright": "1.57.0"
            },
            "bin": {
                "playwright": "cli.js"
            },
            "engines": {
                "node": ">=18"
            }
        },
        "node_modules/fsevents": {
            "version": "2.3.2",
            "resolved": "https://registry.npmjs.org/fsevents/-/fsevents-2.3.2.tgz",
            "integrity": "sha512-xiqMQR4xAeHTuB9uWm+fFRcIOgKBMiOBP+eXiyT7jsgVCq1bkVygt00oASowB7EdtpOHaaPgKt812P9ab+DDKA==",
            "hasInstallScript": true,
            "license": "MIT",
            "optional": true,
            "os": [
                "darwin"
            ],
            "engines": {
                "node": "^8.16.0 || ^10.6.0 || >=11.0.0"
            }
        },
        "node_modules/glob": {
            "version": "13.0.0",
            "resolved": "https://registry.npmjs.org/glob/-/glob-13.0.0.tgz",
            "integrity": "sha512-tvZgpqk6fz4BaNZ66ZsRaZnbHvP/jG3uKJvAZOwEVUL4RTA5nJeeLYfyN9/VA8NX/V3IBG+hkeuGpKjvELkVhA==",
            "license": "BlueOak-1.0.0",
            "dependencies": {
                "minimatch": "^10.1.1",
                "minipass": "^7.1.2",
                "path-scurry": "^2.0.0"
            },
            "engines": {
                "node": "20 || >=22"
            },
            "funding": {
                "url": "https://github.com/sponsors/isaacs"
            }
        },
        "node_modules/lru-cache": {
            "version": "11.2.4",
            "resolved": "https://registry.npmjs.org/lru-cache/-/lru-cache-11.2.4.tgz",
            "integrity": "sha512-B5Y16Jr9LB9dHVkh6ZevG+vAbOsNOYCX+sXvFWFu7B3Iz5mijW3zdbMyhsh8ANd2mSWBYdJgnqi+mL7/LrOPYg==",
            "license": "BlueOak-1.0.0",
            "engines": {
                "node": "20 || >=22"
            }
        },
        "node_modules/minimatch": {
            "version": "10.1.1",
            "resolved": "https://registry.npmjs.org/minimatch/-/minimatch-10.1.1.tgz",
            "integrity": "sha512-enIvLvRAFZYXJzkCYG5RKmPfrFArdLv+R+lbQ53BmIMLIry74bjKzX6iHAm8WYamJkhSSEabrWN5D97XnKObjQ==",
            "license": "BlueOak-1.0.0",
            "dependencies": {
                "@isaacs/brace-expansion": "^5.0.0"
            },
            "engines": {
                "node": "20 || >=22"
            },
            "funding": {
                "url": "https://github.com/sponsors/isaacs"
            }
        },
        "node_modules/minipass": {
            "version": "7.1.2",
            "resolved": "https://registry.npmjs.org/minipass/-/minipass-7.1.2.tgz",
            "integrity": "sha512-qOOzS1cBTWYF4BH8fVePDBOO9iptMnGUEZwNc/cMWnTV2nVLZ7VoNWEPHkYczZA0pdoA7dl6e7FL659nX9S2aw==",
            "license": "ISC",
            "engines": {
                "node": ">=16 || 14 >=14.17"
            }
        },
        "node_modules/package-json-from-dist": {
            "version": "1.0.1",
            "resolved": "https://registry.npmjs.org/package-json-from-dist/-/package-json-from-dist-1.0.1.tgz",
            "integrity": "sha512-UEZIS3/by4OC8vL3P2dTXRETpebLI2NiI5vIrjaD/5UtrkFX/tNbwjTSRAGC/+7CAo2pIcBaRgWmcBBHcsaCIw==",
            "license": "BlueOak-1.0.0"
        },
        "node_modules/path-scurry": {
            "version": "2.0.1",
            "resolved": "https://registry.npmjs.org/path-scurry/-/path-scurry-2.0.1.tgz",
            "integrity": "sha512-oWyT4gICAu+kaA7QWk/jvCHWarMKNs6pXOGWKDTr7cw4IGcUbW+PeTfbaQiLGheFRpjo6O9J0PmyMfQPjH71oA==",
            "license": "BlueOak-1.0.0",
            "dependencies": {
                "lru-cache": "^11.0.0",
                "minipass": "^7.1.2"
            },
            "engines": {
                "node": "20 || >=22"
            },
            "funding": {
                "url": "https://github.com/sponsors/isaacs"
            }
        },
        "node_modules/playwright": {
            "version": "1.57.0",
            "resolved": "https://registry.npmjs.org/playwright/-/playwright-1.57.0.tgz",
            "integrity": "sha512-ilYQj1s8sr2ppEJ2YVadYBN0Mb3mdo9J0wQ+UuDhzYqURwSoW4n1Xs5vs7ORwgDGmyEh33tRMeS8KhdkMoLXQw==",
            "license": "Apache-2.0",
            "dependencies": {
                "playwright-core": "1.57.0"
            },
            "bin": {
                "playwright": "cli.js"
            },
            "engines": {
                "node": ">=18"
            },
            "optionalDependencies": {
                "fsevents": "2.3.2"
            }
        },
        "node_modules/playwright-core": {
            "version": "1.57.0",
            "resolved": "https://registry.npmjs.org/playwright-core/-/playwright-core-1.57.0.tgz",
            "integrity": "sha512-agTcKlMw/mjBWOnD6kFZttAAGHgi/Nw0CZ2o6JqWSbMlI219lAFLZZCyqByTsvVAJq5XA5H8cA6PrvBRpBWEuQ==",
            "license": "Apache-2.0",
            "bin": {
                "playwright-core": "cli.js"
            },
            "engines": {
                "node": ">=18"
            }
        },
        "node_modules/rimraf": {
            "version": "6.1.2",
            "resolved": "https://registry.npmjs.org/rimraf/-/rimraf-6.1.2.tgz",
            "integrity": "sha512-cFCkPslJv7BAXJsYlK1dZsbP8/ZNLkCAQ0bi1hf5EKX2QHegmDFEFA6QhuYJlk7UDdc+02JjO80YSOrWPpw06g==",
            "license": "BlueOak-1.0.0",
            "dependencies": {
                "glob": "^13.0.0",
                "package-json-from-dist": "^1.0.1"
            },
            "bin": {
                "rimraf": "dist/esm/bin.mjs"
            },
            "engines": {
                "node": "20 || >=22"
            },
            "funding": {
                "url": "https://github.com/sponsors/isaacs"
            }
        }
    }
}
